// !$*UTF8*$!
{
	archiveVersion = 1;
	classes = {
	};
	objectVersion = 55;
	objects = {

/* Begin PBXBuildFile section */
		C7E1036828B8A2BA00E40913 /* Tests_iOS.swift in Sources */ = {isa = PBXBuildFile; fileRef = C7E1036728B8A2BA00E40913 /* Tests_iOS.swift */; };
		C7E1036A28B8A2BA00E40913 /* Tests_iOSLaunchTests.swift in Sources */ = {isa = PBXBuildFile; fileRef = C7E1036928B8A2BA00E40913 /* Tests_iOSLaunchTests.swift */; };
		C7E1037428B8A2BA00E40913 /* Tests_macOS.swift in Sources */ = {isa = PBXBuildFile; fileRef = C7E1037328B8A2BA00E40913 /* Tests_macOS.swift */; };
		C7E1037628B8A2BA00E40913 /* Tests_macOSLaunchTests.swift in Sources */ = {isa = PBXBuildFile; fileRef = C7E1037528B8A2BA00E40913 /* Tests_macOSLaunchTests.swift */; };
		C7E1037728B8A2BA00E40913 /* MyFirstGitHubProjectApp.swift in Sources */ = {isa = PBXBuildFile; fileRef = C7E1034F28B8A2B800E40913 /* MyFirstGitHubProjectApp.swift */; };
		C7E1037828B8A2BA00E40913 /* MyFirstGitHubProjectApp.swift in Sources */ = {isa = PBXBuildFile; fileRef = C7E1034F28B8A2B800E40913 /* MyFirstGitHubProjectApp.swift */; };
		C7E1037928B8A2BA00E40913 /* ContentView.swift in Sources */ = {isa = PBXBuildFile; fileRef = C7E1035028B8A2B800E40913 /* ContentView.swift */; };
		C7E1037A28B8A2BA00E40913 /* ContentView.swift in Sources */ = {isa = PBXBuildFile; fileRef = C7E1035028B8A2B800E40913 /* ContentView.swift */; };
		C7E1037B28B8A2BA00E40913 /* Assets.xcassets in Resources */ = {isa = PBXBuildFile; fileRef = C7E1035128B8A2BA00E40913 /* Assets.xcassets */; };
		C7E1037C28B8A2BA00E40913 /* Assets.xcassets in Resources */ = {isa = PBXBuildFile; fileRef = C7E1035128B8A2BA00E40913 /* Assets.xcassets */; };
/* End PBXBuildFile section */

/* Begin PBXContainerItemProxy section */
		C7E1036428B8A2BA00E40913 /* PBXContainerItemProxy */ = {
			isa = PBXContainerItemProxy;
			containerPortal = C7E1034A28B8A2B800E40913 /* Project object */;
			proxyType = 1;
			remoteGlobalIDString = C7E1035528B8A2BA00E40913;
			remoteInfo = "MyFirstGitHubProject (iOS)";
		};
		C7E1037028B8A2BA00E40913 /* PBXContainerItemProxy */ = {
			isa = PBXContainerItemProxy;
			containerPortal = C7E1034A28B8A2B800E40913 /* Project object */;
			proxyType = 1;
			remoteGlobalIDString = C7E1035B28B8A2BA00E40913;
			remoteInfo = "MyFirstGitHubProject (macOS)";
		};
/* End PBXContainerItemProxy section */

/* Begin PBXFileReference section */
		C7E1034F28B8A2B800E40913 /* MyFirstGitHubProjectApp.swift */ = {isa = PBXFileReference; lastKnownFileType = sourcecode.swift; path = MyFirstGitHubProjectApp.swift; sourceTree = "<group>"; };
		C7E1035028B8A2B800E40913 /* ContentView.swift */ = {isa = PBXFileReference; lastKnownFileType = sourcecode.swift; path = ContentView.swift; sourceTree = "<group>"; };
		C7E1035128B8A2BA00E40913 /* Assets.xcassets */ = {isa = PBXFileReference; lastKnownFileType = folder.assetcatalog; path = Assets.xcassets; sourceTree = "<group>"; };
		C7E1035628B8A2BA00E40913 /* MyFirstGitHubProject.app */ = {isa = PBXFileReference; explicitFileType = wrapper.application; includeInIndex = 0; path = MyFirstGitHubProject.app; sourceTree = BUILT_PRODUCTS_DIR; };
		C7E1035C28B8A2BA00E40913 /* MyFirstGitHubProject.app */ = {isa = PBXFileReference; explicitFileType = wrapper.application; includeInIndex = 0; path = MyFirstGitHubProject.app; sourceTree = BUILT_PRODUCTS_DIR; };
		C7E1035E28B8A2BA00E40913 /* macOS.entitlements */ = {isa = PBXFileReference; lastKnownFileType = text.plist.entitlements; path = macOS.entitlements; sourceTree = "<group>"; };
		C7E1036328B8A2BA00E40913 /* Tests iOS.xctest */ = {isa = PBXFileReference; explicitFileType = wrapper.cfbundle; includeInIndex = 0; path = "Tests iOS.xctest"; sourceTree = BUILT_PRODUCTS_DIR; };
		C7E1036728B8A2BA00E40913 /* Tests_iOS.swift */ = {isa = PBXFileReference; lastKnownFileType = sourcecode.swift; path = Tests_iOS.swift; sourceTree = "<group>"; };
		C7E1036928B8A2BA00E40913 /* Tests_iOSLaunchTests.swift */ = {isa = PBXFileReference; lastKnownFileType = sourcecode.swift; path = Tests_iOSLaunchTests.swift; sourceTree = "<group>"; };
		C7E1036F28B8A2BA00E40913 /* Tests macOS.xctest */ = {isa = PBXFileReference; explicitFileType = wrapper.cfbundle; includeInIndex = 0; path = "Tests macOS.xctest"; sourceTree = BUILT_PRODUCTS_DIR; };
		C7E1037328B8A2BA00E40913 /* Tests_macOS.swift */ = {isa = PBXFileReference; lastKnownFileType = sourcecode.swift; path = Tests_macOS.swift; sourceTree = "<group>"; };
		C7E1037528B8A2BA00E40913 /* Tests_macOSLaunchTests.swift */ = {isa = PBXFileReference; lastKnownFileType = sourcecode.swift; path = Tests_macOSLaunchTests.swift; sourceTree = "<group>"; };
/* End PBXFileReference section */

/* Begin PBXFrameworksBuildPhase section */
		C7E1035328B8A2BA00E40913 /* Frameworks */ = {
			isa = PBXFrameworksBuildPhase;
			buildActionMask = 2147483647;
			files = (
			);
			runOnlyForDeploymentPostprocessing = 0;
		};
		C7E1035928B8A2BA00E40913 /* Frameworks */ = {
			isa = PBXFrameworksBuildPhase;
			buildActionMask = 2147483647;
			files = (
			);
			runOnlyForDeploymentPostprocessing = 0;
		};
		C7E1036028B8A2BA00E40913 /* Frameworks */ = {
			isa = PBXFrameworksBuildPhase;
			buildActionMask = 2147483647;
			files = (
			);
			runOnlyForDeploymentPostprocessing = 0;
		};
		C7E1036C28B8A2BA00E40913 /* Frameworks */ = {
			isa = PBXFrameworksBuildPhase;
			buildActionMask = 2147483647;
			files = (
			);
			runOnlyForDeploymentPostprocessing = 0;
		};
/* End PBXFrameworksBuildPhase section */

/* Begin PBXGroup section */
		C7E1034928B8A2B800E40913 = {
			isa = PBXGroup;
			children = (
				C7E1034E28B8A2B800E40913 /* Shared */,
				C7E1035D28B8A2BA00E40913 /* macOS */,
				C7E1036628B8A2BA00E40913 /* Tests iOS */,
				C7E1037228B8A2BA00E40913 /* Tests macOS */,
				C7E1035728B8A2BA00E40913 /* Products */,
			);
			sourceTree = "<group>";
		};
		C7E1034E28B8A2B800E40913 /* Shared */ = {
			isa = PBXGroup;
			children = (
				C7E1034F28B8A2B800E40913 /* MyFirstGitHubProjectApp.swift */,
				C7E1035028B8A2B800E40913 /* ContentView.swift */,
				C7E1035128B8A2BA00E40913 /* Assets.xcassets */,
			);
			path = Shared;
			sourceTree = "<group>";
		};
		C7E1035728B8A2BA00E40913 /* Products */ = {
			isa = PBXGroup;
			children = (
				C7E1035628B8A2BA00E40913 /* MyFirstGitHubProject.app */,
				C7E1035C28B8A2BA00E40913 /* MyFirstGitHubProject.app */,
				C7E1036328B8A2BA00E40913 /* Tests iOS.xctest */,
				C7E1036F28B8A2BA00E40913 /* Tests macOS.xctest */,
			);
			name = Products;
			sourceTree = "<group>";
		};
		C7E1035D28B8A2BA00E40913 /* macOS */ = {
			isa = PBXGroup;
			children = (
				C7E1035E28B8A2BA00E40913 /* macOS.entitlements */,
			);
			path = macOS;
			sourceTree = "<group>";
		};
		C7E1036628B8A2BA00E40913 /* Tests iOS */ = {
			isa = PBXGroup;
			children = (
				C7E1036728B8A2BA00E40913 /* Tests_iOS.swift */,
				C7E1036928B8A2BA00E40913 /* Tests_iOSLaunchTests.swift */,
			);
			path = "Tests iOS";
			sourceTree = "<group>";
		};
		C7E1037228B8A2BA00E40913 /* Tests macOS */ = {
			isa = PBXGroup;
			children = (
				C7E1037328B8A2BA00E40913 /* Tests_macOS.swift */,
				C7E1037528B8A2BA00E40913 /* Tests_macOSLaunchTests.swift */,
			);
			path = "Tests macOS";
			sourceTree = "<group>";
		};
/* End PBXGroup section */

/* Begin PBXNativeTarget section */
		C7E1035528B8A2BA00E40913 /* MyFirstGitHubProject (iOS) */ = {
			isa = PBXNativeTarget;
			buildConfigurationList = C7E1037F28B8A2BA00E40913 /* Build configuration list for PBXNativeTarget "MyFirstGitHubProject (iOS)" */;
			buildPhases = (
				C7E1035228B8A2BA00E40913 /* Sources */,
				C7E1035328B8A2BA00E40913 /* Frameworks */,
				C7E1035428B8A2BA00E40913 /* Resources */,
			);
			buildRules = (
			);
			dependencies = (
			);
			name = "MyFirstGitHubProject (iOS)";
			productName = "MyFirstGitHubProject (iOS)";
			productReference = C7E1035628B8A2BA00E40913 /* MyFirstGitHubProject.app */;
			productType = "com.apple.product-type.application";
		};
		C7E1035B28B8A2BA00E40913 /* MyFirstGitHubProject (macOS) */ = {
			isa = PBXNativeTarget;
			buildConfigurationList = C7E1038228B8A2BA00E40913 /* Build configuration list for PBXNativeTarget "MyFirstGitHubProject (macOS)" */;
			buildPhases = (
				C7E1035828B8A2BA00E40913 /* Sources */,
				C7E1035928B8A2BA00E40913 /* Frameworks */,
				C7E1035A28B8A2BA00E40913 /* Resources */,
			);
			buildRules = (
			);
			dependencies = (
			);
			name = "MyFirstGitHubProject (macOS)";
			productName = "MyFirstGitHubProject (macOS)";
			productReference = C7E1035C28B8A2BA00E40913 /* MyFirstGitHubProject.app */;
			productType = "com.apple.product-type.application";
		};
		C7E1036228B8A2BA00E40913 /* Tests iOS */ = {
			isa = PBXNativeTarget;
			buildConfigurationList = C7E1038528B8A2BA00E40913 /* Build configuration list for PBXNativeTarget "Tests iOS" */;
			buildPhases = (
				C7E1035F28B8A2BA00E40913 /* Sources */,
				C7E1036028B8A2BA00E40913 /* Frameworks */,
				C7E1036128B8A2BA00E40913 /* Resources */,
			);
			buildRules = (
			);
			dependencies = (
				C7E1036528B8A2BA00E40913 /* PBXTargetDependency */,
			);
			name = "Tests iOS";
			productName = "Tests iOS";
			productReference = C7E1036328B8A2BA00E40913 /* Tests iOS.xctest */;
			productType = "com.apple.product-type.bundle.ui-testing";
		};
		C7E1036E28B8A2BA00E40913 /* Tests macOS */ = {
			isa = PBXNativeTarget;
			buildConfigurationList = C7E1038828B8A2BA00E40913 /* Build configuration list for PBXNativeTarget "Tests macOS" */;
			buildPhases = (
				C7E1036B28B8A2BA00E40913 /* Sources */,
				C7E1036C28B8A2BA00E40913 /* Frameworks */,
				C7E1036D28B8A2BA00E40913 /* Resources */,
			);
			buildRules = (
			);
			dependencies = (
				C7E1037128B8A2BA00E40913 /* PBXTargetDependency */,
			);
			name = "Tests macOS";
			productName = "Tests macOS";
			productReference = C7E1036F28B8A2BA00E40913 /* Tests macOS.xctest */;
			productType = "com.apple.product-type.bundle.ui-testing";
		};
/* End PBXNativeTarget section */

/* Begin PBXProject section */
		C7E1034A28B8A2B800E40913 /* Project object */ = {
			isa = PBXProject;
			attributes = {
				BuildIndependentTargetsInParallel = 1;
				LastSwiftUpdateCheck = 1340;
				LastUpgradeCheck = 1340;
				TargetAttributes = {
					C7E1035528B8A2BA00E40913 = {
						CreatedOnToolsVersion = 13.4.1;
					};
					C7E1035B28B8A2BA00E40913 = {
						CreatedOnToolsVersion = 13.4.1;
					};
					C7E1036228B8A2BA00E40913 = {
						CreatedOnToolsVersion = 13.4.1;
						TestTargetID = C7E1035528B8A2BA00E40913;
					};
					C7E1036E28B8A2BA00E40913 = {
						CreatedOnToolsVersion = 13.4.1;
						TestTargetID = C7E1035B28B8A2BA00E40913;
					};
				};
			};
			buildConfigurationList = C7E1034D28B8A2B800E40913 /* Build configuration list for PBXProject "MyFirstGitHubProject" */;
			compatibilityVersion = "Xcode 13.0";
			developmentRegion = en;
			hasScannedForEncodings = 0;
			knownRegions = (
				en,
				Base,
			);
			mainGroup = C7E1034928B8A2B800E40913;
			productRefGroup = C7E1035728B8A2BA00E40913 /* Products */;
			projectDirPath = "";
			projectRoot = "";
			targets = (
				C7E1035528B8A2BA00E40913 /* MyFirstGitHubProject (iOS) */,
				C7E1035B28B8A2BA00E40913 /* MyFirstGitHubProject (macOS) */,
				C7E1036228B8A2BA00E40913 /* Tests iOS */,
				C7E1036E28B8A2BA00E40913 /* Tests macOS */,
			);
		};
/* End PBXProject section */

/* Begin PBXResourcesBuildPhase section */
		C7E1035428B8A2BA00E40913 /* Resources */ = {
			isa = PBXResourcesBuildPhase;
			buildActionMask = 2147483647;
			files = (
				C7E1037B28B8A2BA00E40913 /* Assets.xcassets in Resources */,
			);
			runOnlyForDeploymentPostprocessing = 0;
		};
		C7E1035A28B8A2BA00E40913 /* Resources */ = {
			isa = PBXResourcesBuildPhase;
			buildActionMask = 2147483647;
			files = (
				C7E1037C28B8A2BA00E40913 /* Assets.xcassets in Resources */,
			);
			runOnlyForDeploymentPostprocessing = 0;
		};
		C7E1036128B8A2BA00E40913 /* Resources */ = {
			isa = PBXResourcesBuildPhase;
			buildActionMask = 2147483647;
			files = (
			);
			runOnlyForDeploymentPostprocessing = 0;
		};
		C7E1036D28B8A2BA00E40913 /* Resources */ = {
			isa = PBXResourcesBuildPhase;
			buildActionMask = 2147483647;
			files = (
			);
			runOnlyForDeploymentPostprocessing = 0;
		};
/* End PBXResourcesBuildPhase section */

/* Begin PBXSourcesBuildPhase section */
		C7E1035228B8A2BA00E40913 /* Sources */ = {
			isa = PBXSourcesBuildPhase;
			buildActionMask = 2147483647;
			files = (
				C7E1037928B8A2BA00E40913 /* ContentView.swift in Sources */,
				C7E1037728B8A2BA00E40913 /* MyFirstGitHubProjectApp.swift in Sources */,
			);
			runOnlyForDeploymentPostprocessing = 0;
		};
		C7E1035828B8A2BA00E40913 /* Sources */ = {
			isa = PBXSourcesBuildPhase;
			buildActionMask = 2147483647;
			files = (
				C7E1037A28B8A2BA00E40913 /* ContentView.swift in Sources */,
				C7E1037828B8A2BA00E40913 /* MyFirstGitHubProjectApp.swift in Sources */,
			);
			runOnlyForDeploymentPostprocessing = 0;
		};
		C7E1035F28B8A2BA00E40913 /* Sources */ = {
			isa = PBXSourcesBuildPhase;
			buildActionMask = 2147483647;
			files = (
				C7E1036A28B8A2BA00E40913 /* Tests_iOSLaunchTests.swift in Sources */,
				C7E1036828B8A2BA00E40913 /* Tests_iOS.swift in Sources */,
			);
			runOnlyForDeploymentPostprocessing = 0;
		};
		C7E1036B28B8A2BA00E40913 /* Sources */ = {
			isa = PBXSourcesBuildPhase;
			buildActionMask = 2147483647;
			files = (
				C7E1037628B8A2BA00E40913 /* Tests_macOSLaunchTests.swift in Sources */,
				C7E1037428B8A2BA00E40913 /* Tests_macOS.swift in Sources */,
			);
			runOnlyForDeploymentPostprocessing = 0;
		};
/* End PBXSourcesBuildPhase section */

/* Begin PBXTargetDependency section */
		C7E1036528B8A2BA00E40913 /* PBXTargetDependency */ = {
			isa = PBXTargetDependency;
			target = C7E1035528B8A2BA00E40913 /* MyFirstGitHubProject (iOS) */;
			targetProxy = C7E1036428B8A2BA00E40913 /* PBXContainerItemProxy */;
		};
		C7E1037128B8A2BA00E40913 /* PBXTargetDependency */ = {
			isa = PBXTargetDependency;
			target = C7E1035B28B8A2BA00E40913 /* MyFirstGitHubProject (macOS) */;
			targetProxy = C7E1037028B8A2BA00E40913 /* PBXContainerItemProxy */;
		};
/* End PBXTargetDependency section */

/* Begin XCBuildConfiguration section */
		C7E1037D28B8A2BA00E40913 /* Debug */ = {
			isa = XCBuildConfiguration;
			buildSettings = {
				ALWAYS_SEARCH_USER_PATHS = NO;
				CLANG_ANALYZER_NONNULL = YES;
				CLANG_ANALYZER_NUMBER_OBJECT_CONVERSION = YES_AGGRESSIVE;
				CLANG_CXX_LANGUAGE_STANDARD = "gnu++17";
				CLANG_ENABLE_MODULES = YES;
				CLANG_ENABLE_OBJC_ARC = YES;
				CLANG_ENABLE_OBJC_WEAK = YES;
				CLANG_WARN_BLOCK_CAPTURE_AUTORELEASING = YES;
				CLANG_WARN_BOOL_CONVERSION = YES;
				CLANG_WARN_COMMA = YES;
				CLANG_WARN_CONSTANT_CONVERSION = YES;
				CLANG_WARN_DEPRECATED_OBJC_IMPLEMENTATIONS = YES;
				CLANG_WARN_DIRECT_OBJC_ISA_USAGE = YES_ERROR;
				CLANG_WARN_DOCUMENTATION_COMMENTS = YES;
				CLANG_WARN_EMPTY_BODY = YES;
				CLANG_WARN_ENUM_CONVERSION = YES;
				CLANG_WARN_INFINITE_RECURSION = YES;
				CLANG_WARN_INT_CONVERSION = YES;
				CLANG_WARN_NON_LITERAL_NULL_CONVERSION = YES;
				CLANG_WARN_OBJC_IMPLICIT_RETAIN_SELF = YES;
				CLANG_WARN_OBJC_LITERAL_CONVERSION = YES;
				CLANG_WARN_OBJC_ROOT_CLASS = YES_ERROR;
				CLANG_WARN_QUOTED_INCLUDE_IN_FRAMEWORK_HEADER = YES;
				CLANG_WARN_RANGE_LOOP_ANALYSIS = YES;
				CLANG_WARN_STRICT_PROTOTYPES = YES;
				CLANG_WARN_SUSPICIOUS_MOVE = YES;
				CLANG_WARN_UNGUARDED_AVAILABILITY = YES_AGGRESSIVE;
				CLANG_WARN_UNREACHABLE_CODE = YES;
				CLANG_WARN__DUPLICATE_METHOD_MATCH = YES;
				COPY_PHASE_STRIP = NO;
				DEBUG_INFORMATION_FORMAT = dwarf;
				ENABLE_STRICT_OBJC_MSGSEND = YES;
				ENABLE_TESTABILITY = YES;
				GCC_C_LANGUAGE_STANDARD = gnu11;
				GCC_DYNAMIC_NO_PIC = NO;
				GCC_NO_COMMON_BLOCKS = YES;
				GCC_OPTIMIZATION_LEVEL = 0;
				GCC_PREPROCESSOR_DEFINITIONS = (
					"DEBUG=1",
					"$(inherited)",
				);
				GCC_WARN_64_TO_32_BIT_CONVERSION = YES;
				GCC_WARN_ABOUT_RETURN_TYPE = YES_ERROR;
				GCC_WARN_UNDECLARED_SELECTOR = YES;
				GCC_WARN_UNINITIALIZED_AUTOS = YES_AGGRESSIVE;
				GCC_WARN_UNUSED_FUNCTION = YES;
				GCC_WARN_UNUSED_VARIABLE = YES;
				MTL_ENABLE_DEBUG_INFO = INCLUDE_SOURCE;
				MTL_FAST_MATH = YES;
				ONLY_ACTIVE_ARCH = YES;
				SWIFT_ACTIVE_COMPILATION_CONDITIONS = DEBUG;
				SWIFT_OPTIMIZATION_LEVEL = "-Onone";
			};
			name = Debug;
		};
		C7E1037E28B8A2BA00E40913 /* Release */ = {
			isa = XCBuildConfiguration;
			buildSettings = {
				ALWAYS_SEARCH_USER_PATHS = NO;
				CLANG_ANALYZER_NONNULL = YES;
				CLANG_ANALYZER_NUMBER_OBJECT_CONVERSION = YES_AGGRESSIVE;
				CLANG_CXX_LANGUAGE_STANDARD = "gnu++17";
				CLANG_ENABLE_MODULES = YES;
				CLANG_ENABLE_OBJC_ARC = YES;
				CLANG_ENABLE_OBJC_WEAK = YES;
				CLANG_WARN_BLOCK_CAPTURE_AUTORELEASING = YES;
				CLANG_WARN_BOOL_CONVERSION = YES;
				CLANG_WARN_COMMA = YES;
				CLANG_WARN_CONSTANT_CONVERSION = YES;
				CLANG_WARN_DEPRECATED_OBJC_IMPLEMENTATIONS = YES;
				CLANG_WARN_DIRECT_OBJC_ISA_USAGE = YES_ERROR;
				CLANG_WARN_DOCUMENTATION_COMMENTS = YES;
				CLANG_WARN_EMPTY_BODY = YES;
				CLANG_WARN_ENUM_CONVERSION = YES;
				CLANG_WARN_INFINITE_RECURSION = YES;
				CLANG_WARN_INT_CONVERSION = YES;
				CLANG_WARN_NON_LITERAL_NULL_CONVERSION = YES;
				CLANG_WARN_OBJC_IMPLICIT_RETAIN_SELF = YES;
				CLANG_WARN_OBJC_LITERAL_CONVERSION = YES;
				CLANG_WARN_OBJC_ROOT_CLASS = YES_ERROR;
				CLANG_WARN_QUOTED_INCLUDE_IN_FRAMEWORK_HEADER = YES;
				CLANG_WARN_RANGE_LOOP_ANALYSIS = YES;
				CLANG_WARN_STRICT_PROTOTYPES = YES;
				CLANG_WARN_SUSPICIOUS_MOVE = YES;
				CLANG_WARN_UNGUARDED_AVAILABILITY = YES_AGGRESSIVE;
				CLANG_WARN_UNREACHABLE_CODE = YES;
				CLANG_WARN__DUPLICATE_METHOD_MATCH = YES;
				COPY_PHASE_STRIP = NO;
				DEBUG_INFORMATION_FORMAT = "dwarf-with-dsym";
				ENABLE_NS_ASSERTIONS = NO;
				ENABLE_STRICT_OBJC_MSGSEND = YES;
				GCC_C_LANGUAGE_STANDARD = gnu11;
				GCC_NO_COMMON_BLOCKS = YES;
				GCC_WARN_64_TO_32_BIT_CONVERSION = YES;
				GCC_WARN_ABOUT_RETURN_TYPE = YES_ERROR;
				GCC_WARN_UNDECLARED_SELECTOR = YES;
				GCC_WARN_UNINITIALIZED_AUTOS = YES_AGGRESSIVE;
				GCC_WARN_UNUSED_FUNCTION = YES;
				GCC_WARN_UNUSED_VARIABLE = YES;
				MTL_ENABLE_DEBUG_INFO = NO;
				MTL_FAST_MATH = YES;
				SWIFT_COMPILATION_MODE = wholemodule;
				SWIFT_OPTIMIZATION_LEVEL = "-O";
			};
			name = Release;
		};
		C7E1038028B8A2BA00E40913 /* Debug */ = {
			isa = XCBuildConfiguration;
			buildSettings = {
				ASSETCATALOG_COMPILER_APPICON_NAME = AppIcon;
				ASSETCATALOG_COMPILER_GLOBAL_ACCENT_COLOR_NAME = AccentColor;
				CODE_SIGN_STYLE = Automatic;
				CURRENT_PROJECT_VERSION = 1;
				ENABLE_PREVIEWS = YES;
				GENERATE_INFOPLIST_FILE = YES;
				INFOPLIST_KEY_UIApplicationSceneManifest_Generation = YES;
				INFOPLIST_KEY_UIApplicationSupportsIndirectInputEvents = YES;
				INFOPLIST_KEY_UILaunchScreen_Generation = YES;
				INFOPLIST_KEY_UISupportedInterfaceOrientations_iPad = "UIInterfaceOrientationPortrait UIInterfaceOrientationPortraitUpsideDown UIInterfaceOrientationLandscapeLeft UIInterfaceOrientationLandscapeRight";
				INFOPLIST_KEY_UISupportedInterfaceOrientations_iPhone = "UIInterfaceOrientationPortrait UIInterfaceOrientationLandscapeLeft UIInterfaceOrientationLandscapeRight";
				IPHONEOS_DEPLOYMENT_TARGET = 15.5;
				LD_RUNPATH_SEARCH_PATHS = (
					"$(inherited)",
					"@executable_path/Frameworks",
				);
				MARKETING_VERSION = 1.0;
				PRODUCT_BUNDLE_IDENTIFIER = "com.arun.-MyFirstAppOnMacBook.MyFirstGitHubProject";
				PRODUCT_NAME = MyFirstGitHubProject;
				SDKROOT = iphoneos;
				SWIFT_EMIT_LOC_STRINGS = YES;
				SWIFT_VERSION = 5.0;
				TARGETED_DEVICE_FAMILY = "1,2";
			};
			name = Debug;
		};
		C7E1038128B8A2BA00E40913 /* Release */ = {
			isa = XCBuildConfiguration;
			buildSettings = {
				ASSETCATALOG_COMPILER_APPICON_NAME = AppIcon;
				ASSETCATALOG_COMPILER_GLOBAL_ACCENT_COLOR_NAME = AccentColor;
				CODE_SIGN_STYLE = Automatic;
				CURRENT_PROJECT_VERSION = 1;
				ENABLE_PREVIEWS = YES;
				GENERATE_INFOPLIST_FILE = YES;
				INFOPLIST_KEY_UIApplicationSceneManifest_Generation = YES;
				INFOPLIST_KEY_UIApplicationSupportsIndirectInputEvents = YES;
				INFOPLIST_KEY_UILaunchScreen_Generation = YES;
				INFOPLIST_KEY_UISupportedInterfaceOrientations_iPad = "UIInterfaceOrientationPortrait UIInterfaceOrientationPortraitUpsideDown UIInterfaceOrientationLandscapeLeft UIInterfaceOrientationLandscapeRight";
				INFOPLIST_KEY_UISupportedInterfaceOrientations_iPhone = "UIInterfaceOrientationPortrait UIInterfaceOrientationLandscapeLeft UIInterfaceOrientationLandscapeRight";
				IPHONEOS_DEPLOYMENT_TARGET = 15.5;
				LD_RUNPATH_SEARCH_PATHS = (
					"$(inherited)",
					"@executable_path/Frameworks",
				);
				MARKETING_VERSION = 1.0;
				PRODUCT_BUNDLE_IDENTIFIER = "com.arun.-MyFirstAppOnMacBook.MyFirstGitHubProject";
				PRODUCT_NAME = MyFirstGitHubProject;
				SDKROOT = iphoneos;
				SWIFT_EMIT_LOC_STRINGS = YES;
				SWIFT_VERSION = 5.0;
				TARGETED_DEVICE_FAMILY = "1,2";
				VALIDATE_PRODUCT = YES;
			};
			name = Release;
		};
		C7E1038328B8A2BA00E40913 /* Debug */ = {
			isa = XCBuildConfiguration;
			buildSettings = {
				ASSETCATALOG_COMPILER_APPICON_NAME = AppIcon;
				ASSETCATALOG_COMPILER_GLOBAL_ACCENT_COLOR_NAME = AccentColor;
				CODE_SIGN_ENTITLEMENTS = macOS/macOS.entitlements;
				CODE_SIGN_STYLE = Automatic;
				COMBINE_HIDPI_IMAGES = YES;
				CURRENT_PROJECT_VERSION = 1;
				ENABLE_PREVIEWS = YES;
				GENERATE_INFOPLIST_FILE = YES;
				INFOPLIST_KEY_NSHumanReadableCopyright = "";
				LD_RUNPATH_SEARCH_PATHS = (
					"$(inherited)",
					"@executable_path/../Frameworks",
				);
				MACOSX_DEPLOYMENT_TARGET = 12.3;
				MARKETING_VERSION = 1.0;
				PRODUCT_BUNDLE_IDENTIFIER = "com.arun.-MyFirstAppOnMacBook.MyFirstGitHubProject";
				PRODUCT_NAME = MyFirstGitHubProject;
				SDKROOT = macosx;
				SWIFT_EMIT_LOC_STRINGS = YES;
				SWIFT_VERSION = 5.0;
			};
			name = Debug;
		};
		C7E1038428B8A2BA00E40913 /* Release */ = {
			isa = XCBuildConfiguration;
			buildSettings = {
				ASSETCATALOG_COMPILER_APPICON_NAME = AppIcon;
				ASSETCATALOG_COMPILER_GLOBAL_ACCENT_COLOR_NAME = AccentColor;
				CODE_SIGN_ENTITLEMENTS = macOS/macOS.entitlements;
				CODE_SIGN_STYLE = Automatic;
				COMBINE_HIDPI_IMAGES = YES;
				CURRENT_PROJECT_VERSION = 1;
				ENABLE_PREVIEWS = YES;
				GENERATE_INFOPLIST_FILE = YES;
				INFOPLIST_KEY_NSHumanReadableCopyright = "";
				LD_RUNPATH_SEARCH_PATHS = (
					"$(inherited)",
					"@executable_path/../Frameworks",
				);
				MACOSX_DEPLOYMENT_TARGET = 12.3;
				MARKETING_VERSION = 1.0;
				PRODUCT_BUNDLE_IDENTIFIER = "com.arun.-MyFirstAppOnMacBook.MyFirstGitHubProject";
				PRODUCT_NAME = MyFirstGitHubProject;
				SDKROOT = macosx;
				SWIFT_EMIT_LOC_STRINGS = YES;
				SWIFT_VERSION = 5.0;
			};
			name = Release;
		};
		C7E1038628B8A2BA00E40913 /* Debug */ = {
			isa = XCBuildConfiguration;
			buildSettings = {
				ALWAYS_EMBED_SWIFT_STANDARD_LIBRARIES = YES;
				CODE_SIGN_STYLE = Automatic;
				CURRENT_PROJECT_VERSION = 1;
				GENERATE_INFOPLIST_FILE = YES;
				IPHONEOS_DEPLOYMENT_TARGET = 15.5;
				MARKETING_VERSION = 1.0;
				PRODUCT_BUNDLE_IDENTIFIER = "com.arun.-MyFirstAppOnMacBook.Tests-iOS";
				PRODUCT_NAME = "$(TARGET_NAME)";
				SDKROOT = iphoneos;
				SWIFT_EMIT_LOC_STRINGS = NO;
				SWIFT_VERSION = 5.0;
				TARGETED_DEVICE_FAMILY = "1,2";
				TEST_TARGET_NAME = "MyFirstGitHubProject (iOS)";
			};
			name = Debug;
		};
		C7E1038728B8A2BA00E40913 /* Release */ = {
			isa = XCBuildConfiguration;
			buildSettings = {
				ALWAYS_EMBED_SWIFT_STANDARD_LIBRARIES = YES;
				CODE_SIGN_STYLE = Automatic;
				CURRENT_PROJECT_VERSION = 1;
				GENERATE_INFOPLIST_FILE = YES;
				IPHONEOS_DEPLOYMENT_TARGET = 15.5;
				MARKETING_VERSION = 1.0;
				PRODUCT_BUNDLE_IDENTIFIER = "com.arun.-MyFirstAppOnMacBook.Tests-iOS";
				PRODUCT_NAME = "$(TARGET_NAME)";
				SDKROOT = iphoneos;
				SWIFT_EMIT_LOC_STRINGS = NO;
				SWIFT_VERSION = 5.0;
				TARGETED_DEVICE_FAMILY = "1,2";
				TEST_TARGET_NAME = "MyFirstGitHubProject (iOS)";
				VALIDATE_PRODUCT = YES;
			};
			name = Release;
		};
		C7E1038928B8A2BA00E40913 /* Debug */ = {
			isa = XCBuildConfiguration;
			buildSettings = {
				ALWAYS_EMBED_SWIFT_STANDARD_LIBRARIES = YES;
				CODE_SIGN_STYLE = Automatic;
				CURRENT_PROJECT_VERSION = 1;
				GENERATE_INFOPLIST_FILE = YES;
				MACOSX_DEPLOYMENT_TARGET = 12.3;
				MARKETING_VERSION = 1.0;
				PRODUCT_BUNDLE_IDENTIFIER = "com.arun.-MyFirstAppOnMacBook.Tests-macOS";
				PRODUCT_NAME = "$(TARGET_NAME)";
				SDKROOT = macosx;
				SWIFT_EMIT_LOC_STRINGS = NO;
				SWIFT_VERSION = 5.0;
				TEST_TARGET_NAME = "MyFirstGitHubProject (macOS)";
			};
			name = Debug;
		};
		C7E1038A28B8A2BA00E40913 /* Release */ = {
			isa = XCBuildConfiguration;
			buildSettings = {
				ALWAYS_EMBED_SWIFT_STANDARD_LIBRARIES = YES;
				CODE_SIGN_STYLE = Automatic;
				CURRENT_PROJECT_VERSION = 1;
				GENERATE_INFOPLIST_FILE = YES;
				MACOSX_DEPLOYMENT_TARGET = 12.3;
				MARKETING_VERSION = 1.0;
				PRODUCT_BUNDLE_IDENTIFIER = "com.arun.-MyFirstAppOnMacBook.Tests-macOS";
				PRODUCT_NAME = "$(TARGET_NAME)";
				SDKROOT = macosx;
				SWIFT_EMIT_LOC_STRINGS = NO;
				SWIFT_VERSION = 5.0;
				TEST_TARGET_NAME = "MyFirstGitHubProject (macOS)";
			};
			name = Release;
		};
/* End XCBuildConfiguration section */

/* Begin XCConfigurationList section */
		C7E1034D28B8A2B800E40913 /* Build configuration list for PBXProject "MyFirstGitHubProject" */ = {
			isa = XCConfigurationList;
			buildConfigurations = (
				C7E1037D28B8A2BA00E40913 /* Debug */,
				C7E1037E28B8A2BA00E40913 /* Release */,
			);
			defaultConfigurationIsVisible = 0;
			defaultConfigurationName = Release;
		};
		C7E1037F28B8A2BA00E40913 /* Build configuration list for PBXNativeTarget "MyFirstGitHubProject (iOS)" */ = {
			isa = XCConfigurationList;
			buildConfigurations = (
				C7E1038028B8A2BA00E40913 /* Debug */,
				C7E1038128B8A2BA00E40913 /* Release */,
			);
			defaultConfigurationIsVisible = 0;
			defaultConfigurationName = Release;
		};
		C7E1038228B8A2BA00E40913 /* Build configuration list for PBXNativeTarget "MyFirstGitHubProject (macOS)" */ = {
			isa = XCConfigurationList;
			buildConfigurations = (
				C7E1038328B8A2BA00E40913 /* Debug */,
				C7E1038428B8A2BA00E40913 /* Release */,
			);
			defaultConfigurationIsVisible = 0;
			defaultConfigurationName = Release;
		};
		C7E1038528B8A2BA00E40913 /* Build configuration list for PBXNativeTarget "Tests iOS" */ = {
			isa = XCConfigurationList;
			buildConfigurations = (
				C7E1038628B8A2BA00E40913 /* Debug */,
				C7E1038728B8A2BA00E40913 /* Release */,
			);
			defaultConfigurationIsVisible = 0;
			defaultConfigurationName = Release;
		};
		C7E1038828B8A2BA00E40913 /* Build configuration list for PBXNativeTarget "Tests macOS" */ = {
			isa = XCConfigurationList;
			buildConfigurations = (
				C7E1038928B8A2BA00E40913 /* Debug */,
				C7E1038A28B8A2BA00E40913 /* Release */,
			);
			defaultConfigurationIsVisible = 0;
			defaultConfigurationName = Release;
		};
/* End XCConfigurationList section */
	};
	rootObject = C7E1034A28B8A2B800E40913 /* Project object */;
}
